
Microsoft Visual Studio Solution File, Format Version 12.00
# Visual Studio Version 16
VisualStudioVersion = 16.0.31911.196
MinimumVisualStudioVersion = 10.0.40219.1
Project("{FAE04EC0-301F-11D3-BF4B-00C04F79EFBC}") = "week13-praktikum", "week13-praktikum\week13-praktikum.csproj", "{EE79CFEF-9214-4A49-BD6C-DD6D738F265F}"
EndProject
Global
	GlobalSection(SolutionConfigurationPlatforms) = preSolution
		Debug|Any CPU = Debug|Any CPU
		Release|Any CPU = Release|Any CPU
	EndGlobalSection
	GlobalSection(ProjectConfigurationPlatforms) = postSolution
		{EE79CFEF-9214-4A49-BD6C-DD6D738F265F}.Debug|Any CPU.ActiveCfg = Debug|Any CPU
		{EE79CFEF-9214-4A49-BD6C-DD6D738F265F}.Debug|Any CPU.Build.0 = Debug|Any CPU
		{EE79CFEF-9214-4A49-BD6C-DD6D738F265F}.Release|Any CPU.ActiveCfg = Release|Any CPU
		{EE79CFEF-9214-4A49-BD6C-DD6D738F265F}.Release|Any CPU.Build.0 = Release|Any CPU
	EndGlobalSection
	GlobalSection(SolutionProperties) = preSolution
		HideSolutionNode = FALSE
	EndGlobalSection
	GlobalSection(ExtensibilityGlobals) = postSolution
		SolutionGuid = {EDE80AB8-4615-429B-A5B6-987A2B8EC007}
	EndGlobalSection
EndGlobal
